// !$*UTF8*$!
{
	archiveVersion = 1;
	classes = {
	};
	objectVersion = 54;
	objects = {

/* Begin PBXBuildFile section */
		3835DAE22AC9C55F00E86D0B /* HomeView.swift in Sources */ = {isa = PBXBuildFile; fileRef = 3835DAE12AC9C55F00E86D0B /* HomeView.swift */; };
		3836C1852ACABE9F0084DAF3 /* GoogleService-Info.plist in Resources */ = {isa = PBXBuildFile; fileRef = 3836C1842ACABE9F0084DAF3 /* GoogleService-Info.plist */; };
		38C6CEA22AC963AE001CDF46 /* NetflixSwiftUIApp.swift in Sources */ = {isa = PBXBuildFile; fileRef = 38C6CEA12AC963AE001CDF46 /* NetflixSwiftUIApp.swift */; };
		38C6CEA42AC963AE001CDF46 /* ContentView.swift in Sources */ = {isa = PBXBuildFile; fileRef = 38C6CEA32AC963AE001CDF46 /* ContentView.swift */; };
		38C6CEA62AC963AF001CDF46 /* Assets.xcassets in Resources */ = {isa = PBXBuildFile; fileRef = 38C6CEA52AC963AF001CDF46 /* Assets.xcassets */; };
		38C6CEA92AC963AF001CDF46 /* Preview Assets.xcassets in Resources */ = {isa = PBXBuildFile; fileRef = 38C6CEA82AC963AF001CDF46 /* Preview Assets.xcassets */; };
		38C6CEB42AC963B0001CDF46 /* NetflixSwiftUITests.swift in Sources */ = {isa = PBXBuildFile; fileRef = 38C6CEB32AC963B0001CDF46 /* NetflixSwiftUITests.swift */; };
		38C6CEBE2AC963B0001CDF46 /* NetflixSwiftUIUITests.swift in Sources */ = {isa = PBXBuildFile; fileRef = 38C6CEBD2AC963B0001CDF46 /* NetflixSwiftUIUITests.swift */; };
		38C6CEC02AC963B0001CDF46 /* NetflixSwiftUIUITestsLaunchTests.swift in Sources */ = {isa = PBXBuildFile; fileRef = 38C6CEBF2AC963B0001CDF46 /* NetflixSwiftUIUITestsLaunchTests.swift */; };
		38C6CED42AC96794001CDF46 /* SignUpView.swift in Sources */ = {isa = PBXBuildFile; fileRef = 38C6CED32AC96794001CDF46 /* SignUpView.swift */; };
		38C6CED72AC967BA001CDF46 /* LogInView.swift in Sources */ = {isa = PBXBuildFile; fileRef = 38C6CED62AC967BA001CDF46 /* LogInView.swift */; };
		38C6CEE02AC97BD8001CDF46 /* IGTextFieldModifier.swift in Sources */ = {isa = PBXBuildFile; fileRef = 38C6CEDF2AC97BD8001CDF46 /* IGTextFieldModifier.swift */; };
		38C6CEE42AC9841C001CDF46 /* IGButtonModifier.swift in Sources */ = {isa = PBXBuildFile; fileRef = 38C6CEE32AC9841C001CDF46 /* IGButtonModifier.swift */; };
		38CD78CB2AC9D14400144E9D /* FirebaseAuth in Frameworks */ = {isa = PBXBuildFile; productRef = 38CD78CA2AC9D14400144E9D /* FirebaseAuth */; };
		38CD78CD2AC9D14400144E9D /* FirebaseAuthCombine-Community in Frameworks */ = {isa = PBXBuildFile; productRef = 38CD78CC2AC9D14400144E9D /* FirebaseAuthCombine-Community */; };
		38CD78CF2AC9D14400144E9D /* FirebaseCrashlytics in Frameworks */ = {isa = PBXBuildFile; productRef = 38CD78CE2AC9D14400144E9D /* FirebaseCrashlytics */; };
		38CD78D12AC9D14400144E9D /* FirebaseDatabase in Frameworks */ = {isa = PBXBuildFile; productRef = 38CD78D02AC9D14400144E9D /* FirebaseDatabase */; };
		38CD78D32AC9D14400144E9D /* FirebaseDatabaseSwift in Frameworks */ = {isa = PBXBuildFile; productRef = 38CD78D22AC9D14400144E9D /* FirebaseDatabaseSwift */; };
		38CD78D52AC9D14400144E9D /* FirebaseFirestore in Frameworks */ = {isa = PBXBuildFile; productRef = 38CD78D42AC9D14400144E9D /* FirebaseFirestore */; };
		38CD78D72AC9D14400144E9D /* FirebaseFirestoreCombine-Community in Frameworks */ = {isa = PBXBuildFile; productRef = 38CD78D62AC9D14400144E9D /* FirebaseFirestoreCombine-Community */; };
		38CD78D92AC9D14400144E9D /* FirebaseFirestoreSwift in Frameworks */ = {isa = PBXBuildFile; productRef = 38CD78D82AC9D14400144E9D /* FirebaseFirestoreSwift */; };
		38CD78DB2AC9D14400144E9D /* FirebaseFunctions in Frameworks */ = {isa = PBXBuildFile; productRef = 38CD78DA2AC9D14400144E9D /* FirebaseFunctions */; };
		38CD78DD2AC9D14400144E9D /* FirebaseStorage in Frameworks */ = {isa = PBXBuildFile; productRef = 38CD78DC2AC9D14400144E9D /* FirebaseStorage */; };
		38CD78DF2AC9D14400144E9D /* FirebaseStorageCombine-Community in Frameworks */ = {isa = PBXBuildFile; productRef = 38CD78DE2AC9D14400144E9D /* FirebaseStorageCombine-Community */; };
/* End PBXBuildFile section */

/* Begin PBXContainerItemProxy section */
		38C6CEB02AC963B0001CDF46 /* PBXContainerItemProxy */ = {
			isa = PBXContainerItemProxy;
			containerPortal = 38C6CE962AC963AE001CDF46 /* Project object */;
			proxyType = 1;
			remoteGlobalIDString = 38C6CE9D2AC963AE001CDF46;
			remoteInfo = NetflixSwiftUI;
		};
		38C6CEBA2AC963B0001CDF46 /* PBXContainerItemProxy */ = {
			isa = PBXContainerItemProxy;
			containerPortal = 38C6CE962AC963AE001CDF46 /* Project object */;
			proxyType = 1;
			remoteGlobalIDString = 38C6CE9D2AC963AE001CDF46;
			remoteInfo = NetflixSwiftUI;
		};
/* End PBXContainerItemProxy section */

/* Begin PBXFileReference section */
		3835DAE12AC9C55F00E86D0B /* HomeView.swift */ = {isa = PBXFileReference; lastKnownFileType = sourcecode.swift; path = HomeView.swift; sourceTree = "<group>"; };
		3836C1842ACABE9F0084DAF3 /* GoogleService-Info.plist */ = {isa = PBXFileReference; fileEncoding = 4; lastKnownFileType = text.plist.xml; path = "GoogleService-Info.plist"; sourceTree = "<group>"; };
		38C6CE9E2AC963AE001CDF46 /* NetflixSwiftUI.app */ = {isa = PBXFileReference; explicitFileType = wrapper.application; includeInIndex = 0; path = NetflixSwiftUI.app; sourceTree = BUILT_PRODUCTS_DIR; };
		38C6CEA12AC963AE001CDF46 /* NetflixSwiftUIApp.swift */ = {isa = PBXFileReference; lastKnownFileType = sourcecode.swift; path = NetflixSwiftUIApp.swift; sourceTree = "<group>"; };
		38C6CEA32AC963AE001CDF46 /* ContentView.swift */ = {isa = PBXFileReference; lastKnownFileType = sourcecode.swift; path = ContentView.swift; sourceTree = "<group>"; };
		38C6CEA52AC963AF001CDF46 /* Assets.xcassets */ = {isa = PBXFileReference; lastKnownFileType = folder.assetcatalog; path = Assets.xcassets; sourceTree = "<group>"; };
		38C6CEA82AC963AF001CDF46 /* Preview Assets.xcassets */ = {isa = PBXFileReference; lastKnownFileType = folder.assetcatalog; path = "Preview Assets.xcassets"; sourceTree = "<group>"; };
		38C6CEAA2AC963AF001CDF46 /* NetflixSwiftUI.entitlements */ = {isa = PBXFileReference; lastKnownFileType = text.plist.entitlements; path = NetflixSwiftUI.entitlements; sourceTree = "<group>"; };
		38C6CEAF2AC963B0001CDF46 /* NetflixSwiftUITests.xctest */ = {isa = PBXFileReference; explicitFileType = wrapper.cfbundle; includeInIndex = 0; path = NetflixSwiftUITests.xctest; sourceTree = BUILT_PRODUCTS_DIR; };
		38C6CEB32AC963B0001CDF46 /* NetflixSwiftUITests.swift */ = {isa = PBXFileReference; lastKnownFileType = sourcecode.swift; path = NetflixSwiftUITests.swift; sourceTree = "<group>"; };
		38C6CEB92AC963B0001CDF46 /* NetflixSwiftUIUITests.xctest */ = {isa = PBXFileReference; explicitFileType = wrapper.cfbundle; includeInIndex = 0; path = NetflixSwiftUIUITests.xctest; sourceTree = BUILT_PRODUCTS_DIR; };
		38C6CEBD2AC963B0001CDF46 /* NetflixSwiftUIUITests.swift */ = {isa = PBXFileReference; lastKnownFileType = sourcecode.swift; path = NetflixSwiftUIUITests.swift; sourceTree = "<group>"; };
		38C6CEBF2AC963B0001CDF46 /* NetflixSwiftUIUITestsLaunchTests.swift */ = {isa = PBXFileReference; lastKnownFileType = sourcecode.swift; path = NetflixSwiftUIUITestsLaunchTests.swift; sourceTree = "<group>"; };
		38C6CED32AC96794001CDF46 /* SignUpView.swift */ = {isa = PBXFileReference; lastKnownFileType = sourcecode.swift; path = SignUpView.swift; sourceTree = "<group>"; };
		38C6CED62AC967BA001CDF46 /* LogInView.swift */ = {isa = PBXFileReference; lastKnownFileType = sourcecode.swift; path = LogInView.swift; sourceTree = "<group>"; };
		38C6CEDF2AC97BD8001CDF46 /* IGTextFieldModifier.swift */ = {isa = PBXFileReference; lastKnownFileType = sourcecode.swift; path = IGTextFieldModifier.swift; sourceTree = "<group>"; };
		38C6CEE32AC9841C001CDF46 /* IGButtonModifier.swift */ = {isa = PBXFileReference; lastKnownFileType = sourcecode.swift; path = IGButtonModifier.swift; sourceTree = "<group>"; };
/* End PBXFileReference section */

/* Begin PBXFrameworksBuildPhase section */
		38C6CE9B2AC963AE001CDF46 /* Frameworks */ = {
			isa = PBXFrameworksBuildPhase;
			buildActionMask = 2147483647;
			files = (
				38CD78DF2AC9D14400144E9D /* FirebaseStorageCombine-Community in Frameworks */,
				38CD78D32AC9D14400144E9D /* FirebaseDatabaseSwift in Frameworks */,
				38CD78CF2AC9D14400144E9D /* FirebaseCrashlytics in Frameworks */,
				38CD78CB2AC9D14400144E9D /* FirebaseAuth in Frameworks */,
				38CD78DD2AC9D14400144E9D /* FirebaseStorage in Frameworks */,
				38CD78DB2AC9D14400144E9D /* FirebaseFunctions in Frameworks */,
				38CD78D12AC9D14400144E9D /* FirebaseDatabase in Frameworks */,
				38CD78CD2AC9D14400144E9D /* FirebaseAuthCombine-Community in Frameworks */,
				38CD78D52AC9D14400144E9D /* FirebaseFirestore in Frameworks */,
				38CD78D72AC9D14400144E9D /* FirebaseFirestoreCombine-Community in Frameworks */,
				38CD78D92AC9D14400144E9D /* FirebaseFirestoreSwift in Frameworks */,
			);
			runOnlyForDeploymentPostprocessing = 0;
		};
		38C6CEAC2AC963B0001CDF46 /* Frameworks */ = {
			isa = PBXFrameworksBuildPhase;
			buildActionMask = 2147483647;
			files = (
			);
			runOnlyForDeploymentPostprocessing = 0;
		};
		38C6CEB62AC963B0001CDF46 /* Frameworks */ = {
			isa = PBXFrameworksBuildPhase;
			buildActionMask = 2147483647;
			files = (
			);
			runOnlyForDeploymentPostprocessing = 0;
		};
/* End PBXFrameworksBuildPhase section */

/* Begin PBXGroup section */
		3835DADE2AC9C4DC00E86D0B /* Home */ = {
			isa = PBXGroup;
			children = (
				3835DAE12AC9C55F00E86D0B /* HomeView.swift */,
			);
			path = Home;
			sourceTree = "<group>";
		};
		3835DAE32AC9CE6200E86D0B /* Config */ = {
			isa = PBXGroup;
			children = (
			);
			path = Config;
			sourceTree = "<group>";
		};
		38C6CE952AC963AE001CDF46 = {
			isa = PBXGroup;
			children = (
				3835DAE32AC9CE6200E86D0B /* Config */,
				38C6CEA02AC963AE001CDF46 /* NetflixSwiftUI */,
				38C6CEB22AC963B0001CDF46 /* NetflixSwiftUITests */,
				38C6CEBC2AC963B0001CDF46 /* NetflixSwiftUIUITests */,
				38C6CE9F2AC963AE001CDF46 /* Products */,
			);
			sourceTree = "<group>";
		};
		38C6CE9F2AC963AE001CDF46 /* Products */ = {
			isa = PBXGroup;
			children = (
				38C6CE9E2AC963AE001CDF46 /* NetflixSwiftUI.app */,
				38C6CEAF2AC963B0001CDF46 /* NetflixSwiftUITests.xctest */,
				38C6CEB92AC963B0001CDF46 /* NetflixSwiftUIUITests.xctest */,
			);
			name = Products;
			sourceTree = "<group>";
		};
		38C6CEA02AC963AE001CDF46 /* NetflixSwiftUI */ = {
			isa = PBXGroup;
			children = (
				38C6CEDC2AC9798A001CDF46 /* Services */,
				38C6CEDB2AC97982001CDF46 /* Model */,
				38C6CEDA2AC9797B001CDF46 /* Extension */,
				38C6CED82AC97948001CDF46 /* Utils */,
				38C6CECC2AC9671F001CDF46 /* App */,
				38C6CECD2AC96726001CDF46 /* Core */,
				38C6CECF2AC96732001CDF46 /* Ressources */,
				38C6CEA32AC963AE001CDF46 /* ContentView.swift */,
				38C6CEAA2AC963AF001CDF46 /* NetflixSwiftUI.entitlements */,
				3836C1842ACABE9F0084DAF3 /* GoogleService-Info.plist */,
				38C6CEA72AC963AF001CDF46 /* Preview Content */,
			);
			path = NetflixSwiftUI;
			sourceTree = "<group>";
		};
		38C6CEA72AC963AF001CDF46 /* Preview Content */ = {
			isa = PBXGroup;
			children = (
				38C6CEA82AC963AF001CDF46 /* Preview Assets.xcassets */,
			);
			path = "Preview Content";
			sourceTree = "<group>";
		};
		38C6CEB22AC963B0001CDF46 /* NetflixSwiftUITests */ = {
			isa = PBXGroup;
			children = (
				38C6CEB32AC963B0001CDF46 /* NetflixSwiftUITests.swift */,
			);
			path = NetflixSwiftUITests;
			sourceTree = "<group>";
		};
		38C6CEBC2AC963B0001CDF46 /* NetflixSwiftUIUITests */ = {
			isa = PBXGroup;
			children = (
				38C6CEBD2AC963B0001CDF46 /* NetflixSwiftUIUITests.swift */,
				38C6CEBF2AC963B0001CDF46 /* NetflixSwiftUIUITestsLaunchTests.swift */,
			);
			path = NetflixSwiftUIUITests;
			sourceTree = "<group>";
		};
		38C6CECC2AC9671F001CDF46 /* App */ = {
			isa = PBXGroup;
			children = (
				38C6CEA12AC963AE001CDF46 /* NetflixSwiftUIApp.swift */,
			);
			path = App;
			sourceTree = "<group>";
		};
		38C6CECD2AC96726001CDF46 /* Core */ = {
			isa = PBXGroup;
			children = (
				3835DADE2AC9C4DC00E86D0B /* Home */,
				38C6CEDD2AC97BAE001CDF46 /* Componetnts */,
				38C6CED02AC96749001CDF46 /* Auth */,
			);
			path = Core;
			sourceTree = "<group>";
		};
		38C6CECF2AC96732001CDF46 /* Ressources */ = {
			isa = PBXGroup;
			children = (
				38C6CEA52AC963AF001CDF46 /* Assets.xcassets */,
			);
			path = Ressources;
			sourceTree = "<group>";
		};
		38C6CED02AC96749001CDF46 /* Auth */ = {
			isa = PBXGroup;
			children = (
				38C6CED12AC96750001CDF46 /* View */,
				38C6CED22AC96753001CDF46 /* ViewModel */,
			);
			path = Auth;
			sourceTree = "<group>";
		};
		38C6CED12AC96750001CDF46 /* View */ = {
			isa = PBXGroup;
			children = (
				38C6CED62AC967BA001CDF46 /* LogInView.swift */,
				38C6CED32AC96794001CDF46 /* SignUpView.swift */,
			);
			path = View;
			sourceTree = "<group>";
		};
		38C6CED22AC96753001CDF46 /* ViewModel */ = {
			isa = PBXGroup;
			children = (
			);
			path = ViewModel;
			sourceTree = "<group>";
		};
		38C6CED82AC97948001CDF46 /* Utils */ = {
			isa = PBXGroup;
			children = (
			);
			path = Utils;
			sourceTree = "<group>";
		};
		38C6CEDA2AC9797B001CDF46 /* Extension */ = {
			isa = PBXGroup;
			children = (
			);
			path = Extension;
			sourceTree = "<group>";
		};
		38C6CEDB2AC97982001CDF46 /* Model */ = {
			isa = PBXGroup;
			children = (
			);
			path = Model;
			sourceTree = "<group>";
		};
		38C6CEDC2AC9798A001CDF46 /* Services */ = {
			isa = PBXGroup;
			children = (
			);
			path = Services;
			sourceTree = "<group>";
		};
		38C6CEDD2AC97BAE001CDF46 /* Componetnts */ = {
			isa = PBXGroup;
			children = (
				38C6CEDE2AC97BB8001CDF46 /* Views */,
			);
			path = Componetnts;
			sourceTree = "<group>";
		};
		38C6CEDE2AC97BB8001CDF46 /* Views */ = {
			isa = PBXGroup;
			children = (
				38C6CEDF2AC97BD8001CDF46 /* IGTextFieldModifier.swift */,
				38C6CEE32AC9841C001CDF46 /* IGButtonModifier.swift */,
			);
			path = Views;
			sourceTree = "<group>";
		};
/* End PBXGroup section */

/* Begin PBXNativeTarget section */
		38C6CE9D2AC963AE001CDF46 /* NetflixSwiftUI */ = {
			isa = PBXNativeTarget;
			buildConfigurationList = 38C6CEC32AC963B0001CDF46 /* Build configuration list for PBXNativeTarget "NetflixSwiftUI" */;
			buildPhases = (
				38C6CE9A2AC963AE001CDF46 /* Sources */,
				38C6CE9B2AC963AE001CDF46 /* Frameworks */,
				38C6CE9C2AC963AE001CDF46 /* Resources */,
			);
			buildRules = (
			);
			dependencies = (
			);
			name = NetflixSwiftUI;
			packageProductDependencies = (
				38CD78CA2AC9D14400144E9D /* FirebaseAuth */,
				38CD78CC2AC9D14400144E9D /* FirebaseAuthCombine-Community */,
				38CD78CE2AC9D14400144E9D /* FirebaseCrashlytics */,
				38CD78D02AC9D14400144E9D /* FirebaseDatabase */,
				38CD78D22AC9D14400144E9D /* FirebaseDatabaseSwift */,
				38CD78D42AC9D14400144E9D /* FirebaseFirestore */,
				38CD78D62AC9D14400144E9D /* FirebaseFirestoreCombine-Community */,
				38CD78D82AC9D14400144E9D /* FirebaseFirestoreSwift */,
				38CD78DA2AC9D14400144E9D /* FirebaseFunctions */,
				38CD78DC2AC9D14400144E9D /* FirebaseStorage */,
				38CD78DE2AC9D14400144E9D /* FirebaseStorageCombine-Community */,
			);
			productName = NetflixSwiftUI;
			productReference = 38C6CE9E2AC963AE001CDF46 /* NetflixSwiftUI.app */;
			productType = "com.apple.product-type.application";
		};
		38C6CEAE2AC963B0001CDF46 /* NetflixSwiftUITests */ = {
			isa = PBXNativeTarget;
			buildConfigurationList = 38C6CEC62AC963B0001CDF46 /* Build configuration list for PBXNativeTarget "NetflixSwiftUITests" */;
			buildPhases = (
				38C6CEAB2AC963B0001CDF46 /* Sources */,
				38C6CEAC2AC963B0001CDF46 /* Frameworks */,
				38C6CEAD2AC963B0001CDF46 /* Resources */,
			);
			buildRules = (
			);
			dependencies = (
				38C6CEB12AC963B0001CDF46 /* PBXTargetDependency */,
			);
			name = NetflixSwiftUITests;
			productName = NetflixSwiftUITests;
			productReference = 38C6CEAF2AC963B0001CDF46 /* NetflixSwiftUITests.xctest */;
			productType = "com.apple.product-type.bundle.unit-test";
		};
		38C6CEB82AC963B0001CDF46 /* NetflixSwiftUIUITests */ = {
			isa = PBXNativeTarget;
			buildConfigurationList = 38C6CEC92AC963B0001CDF46 /* Build configuration list for PBXNativeTarget "NetflixSwiftUIUITests" */;
			buildPhases = (
				38C6CEB52AC963B0001CDF46 /* Sources */,
				38C6CEB62AC963B0001CDF46 /* Frameworks */,
				38C6CEB72AC963B0001CDF46 /* Resources */,
			);
			buildRules = (
			);
			dependencies = (
				38C6CEBB2AC963B0001CDF46 /* PBXTargetDependency */,
			);
			name = NetflixSwiftUIUITests;
			productName = NetflixSwiftUIUITests;
			productReference = 38C6CEB92AC963B0001CDF46 /* NetflixSwiftUIUITests.xctest */;
			productType = "com.apple.product-type.bundle.ui-testing";
		};
/* End PBXNativeTarget section */

/* Begin PBXProject section */
		38C6CE962AC963AE001CDF46 /* Project object */ = {
			isa = PBXProject;
			attributes = {
				BuildIndependentTargetsInParallel = 1;
				LastSwiftUpdateCheck = 1500;
				LastUpgradeCheck = 1500;
				TargetAttributes = {
					38C6CE9D2AC963AE001CDF46 = {
						CreatedOnToolsVersion = 15.0;
					};
					38C6CEAE2AC963B0001CDF46 = {
						CreatedOnToolsVersion = 15.0;
						TestTargetID = 38C6CE9D2AC963AE001CDF46;
					};
					38C6CEB82AC963B0001CDF46 = {
						CreatedOnToolsVersion = 15.0;
						TestTargetID = 38C6CE9D2AC963AE001CDF46;
					};
				};
			};
			buildConfigurationList = 38C6CE992AC963AE001CDF46 /* Build configuration list for PBXProject "NetflixSwiftUI" */;
			compatibilityVersion = "Xcode 12.0";
			developmentRegion = en;
			hasScannedForEncodings = 0;
			knownRegions = (
				en,
				Base,
			);
			mainGroup = 38C6CE952AC963AE001CDF46;
			packageReferences = (
				38CD78C92AC9D14400144E9D /* XCRemoteSwiftPackageReference "firebase-ios-sdk" */,
			);
			productRefGroup = 38C6CE9F2AC963AE001CDF46 /* Products */;
			projectDirPath = "";
			projectRoot = "";
			targets = (
				38C6CE9D2AC963AE001CDF46 /* NetflixSwiftUI */,
				38C6CEAE2AC963B0001CDF46 /* NetflixSwiftUITests */,
				38C6CEB82AC963B0001CDF46 /* NetflixSwiftUIUITests */,
			);
		};
/* End PBXProject section */

/* Begin PBXResourcesBuildPhase section */
		38C6CE9C2AC963AE001CDF46 /* Resources */ = {
			isa = PBXResourcesBuildPhase;
			buildActionMask = 2147483647;
			files = (
				38C6CEA92AC963AF001CDF46 /* Preview Assets.xcassets in Resources */,
				38C6CEA62AC963AF001CDF46 /* Assets.xcassets in Resources */,
				3836C1852ACABE9F0084DAF3 /* GoogleService-Info.plist in Resources */,
			);
			runOnlyForDeploymentPostprocessing = 0;
		};
		38C6CEAD2AC963B0001CDF46 /* Resources */ = {
			isa = PBXResourcesBuildPhase;
			buildActionMask = 2147483647;
			files = (
			);
			runOnlyForDeploymentPostprocessing = 0;
		};
		38C6CEB72AC963B0001CDF46 /* Resources */ = {
			isa = PBXResourcesBuildPhase;
			buildActionMask = 2147483647;
			files = (
			);
			runOnlyForDeploymentPostprocessing = 0;
		};
/* End PBXResourcesBuildPhase section */

/* Begin PBXSourcesBuildPhase section */
		38C6CE9A2AC963AE001CDF46 /* Sources */ = {
			isa = PBXSourcesBuildPhase;
			buildActionMask = 2147483647;
			files = (
				38C6CEA42AC963AE001CDF46 /* ContentView.swift in Sources */,
				3835DAE22AC9C55F00E86D0B /* HomeView.swift in Sources */,
				38C6CED42AC96794001CDF46 /* SignUpView.swift in Sources */,
				38C6CED72AC967BA001CDF46 /* LogInView.swift in Sources */,
				38C6CEE02AC97BD8001CDF46 /* IGTextFieldModifier.swift in Sources */,
				38C6CEE42AC9841C001CDF46 /* IGButtonModifier.swift in Sources */,
				38C6CEA22AC963AE001CDF46 /* NetflixSwiftUIApp.swift in Sources */,
			);
			runOnlyForDeploymentPostprocessing = 0;
		};
		38C6CEAB2AC963B0001CDF46 /* Sources */ = {
			isa = PBXSourcesBuildPhase;
			buildActionMask = 2147483647;
			files = (
				38C6CEB42AC963B0001CDF46 /* NetflixSwiftUITests.swift in Sources */,
			);
			runOnlyForDeploymentPostprocessing = 0;
		};
		38C6CEB52AC963B0001CDF46 /* Sources */ = {
			isa = PBXSourcesBuildPhase;
			buildActionMask = 2147483647;
			files = (
				38C6CEBE2AC963B0001CDF46 /* NetflixSwiftUIUITests.swift in Sources */,
				38C6CEC02AC963B0001CDF46 /* NetflixSwiftUIUITestsLaunchTests.swift in Sources */,
			);
			runOnlyForDeploymentPostprocessing = 0;
		};
/* End PBXSourcesBuildPhase section */

/* Begin PBXTargetDependency section */
		38C6CEB12AC963B0001CDF46 /* PBXTargetDependency */ = {
			isa = PBXTargetDependency;
			target = 38C6CE9D2AC963AE001CDF46 /* NetflixSwiftUI */;
			targetProxy = 38C6CEB02AC963B0001CDF46 /* PBXContainerItemProxy */;
		};
		38C6CEBB2AC963B0001CDF46 /* PBXTargetDependency */ = {
			isa = PBXTargetDependency;
			target = 38C6CE9D2AC963AE001CDF46 /* NetflixSwiftUI */;
			targetProxy = 38C6CEBA2AC963B0001CDF46 /* PBXContainerItemProxy */;
		};
/* End PBXTargetDependency section */

/* Begin XCBuildConfiguration section */
		38C6CEC12AC963B0001CDF46 /* Debug */ = {
			isa = XCBuildConfiguration;
			buildSettings = {
				ALWAYS_SEARCH_USER_PATHS = NO;
				ASSETCATALOG_COMPILER_GENERATE_SWIFT_ASSET_SYMBOL_EXTENSIONS = YES;
				CLANG_ANALYZER_NONNULL = YES;
				CLANG_ANALYZER_NUMBER_OBJECT_CONVERSION = YES_AGGRESSIVE;
				CLANG_CXX_LANGUAGE_STANDARD = "gnu++20";
				CLANG_ENABLE_MODULES = YES;
				CLANG_ENABLE_OBJC_ARC = YES;
				CLANG_ENABLE_OBJC_WEAK = YES;
				CLANG_WARN_BLOCK_CAPTURE_AUTORELEASING = YES;
				CLANG_WARN_BOOL_CONVERSION = YES;
				CLANG_WARN_COMMA = YES;
				CLANG_WARN_CONSTANT_CONVERSION = YES;
				CLANG_WARN_DEPRECATED_OBJC_IMPLEMENTATIONS = YES;
				CLANG_WARN_DIRECT_OBJC_ISA_USAGE = YES_ERROR;
				CLANG_WARN_DOCUMENTATION_COMMENTS = YES;
				CLANG_WARN_EMPTY_BODY = YES;
				CLANG_WARN_ENUM_CONVERSION = YES;
				CLANG_WARN_INFINITE_RECURSION = YES;
				CLANG_WARN_INT_CONVERSION = YES;
				CLANG_WARN_NON_LITERAL_NULL_CONVERSION = YES;
				CLANG_WARN_OBJC_IMPLICIT_RETAIN_SELF = YES;
				CLANG_WARN_OBJC_LITERAL_CONVERSION = YES;
				CLANG_WARN_OBJC_ROOT_CLASS = YES_ERROR;
				CLANG_WARN_QUOTED_INCLUDE_IN_FRAMEWORK_HEADER = YES;
				CLANG_WARN_RANGE_LOOP_ANALYSIS = YES;
				CLANG_WARN_STRICT_PROTOTYPES = YES;
				CLANG_WARN_SUSPICIOUS_MOVE = YES;
				CLANG_WARN_UNGUARDED_AVAILABILITY = YES_AGGRESSIVE;
				CLANG_WARN_UNREACHABLE_CODE = YES;
				CLANG_WARN__DUPLICATE_METHOD_MATCH = YES;
				COPY_PHASE_STRIP = NO;
				DEBUG_INFORMATION_FORMAT = dwarf;
				ENABLE_STRICT_OBJC_MSGSEND = YES;
				ENABLE_TESTABILITY = YES;
				ENABLE_USER_SCRIPT_SANDBOXING = YES;
				GCC_C_LANGUAGE_STANDARD = gnu17;
				GCC_DYNAMIC_NO_PIC = NO;
				GCC_NO_COMMON_BLOCKS = YES;
				GCC_OPTIMIZATION_LEVEL = 0;
				GCC_PREPROCESSOR_DEFINITIONS = (
					"DEBUG=1",
					"$(inherited)",
				);
				GCC_WARN_64_TO_32_BIT_CONVERSION = YES;
				GCC_WARN_ABOUT_RETURN_TYPE = YES_ERROR;
				GCC_WARN_UNDECLARED_SELECTOR = YES;
				GCC_WARN_UNINITIALIZED_AUTOS = YES_AGGRESSIVE;
				GCC_WARN_UNUSED_FUNCTION = YES;
				GCC_WARN_UNUSED_VARIABLE = YES;
				LOCALIZATION_PREFERS_STRING_CATALOGS = YES;
				MACOSX_DEPLOYMENT_TARGET = 13.1;
				MTL_ENABLE_DEBUG_INFO = INCLUDE_SOURCE;
				MTL_FAST_MATH = YES;
				ONLY_ACTIVE_ARCH = YES;
				SDKROOT = macosx;
				SWIFT_ACTIVE_COMPILATION_CONDITIONS = "DEBUG $(inherited)";
				SWIFT_OPTIMIZATION_LEVEL = "-Onone";
			};
			name = Debug;
		};
		38C6CEC22AC963B0001CDF46 /* Release */ = {
			isa = XCBuildConfiguration;
			buildSettings = {
				ALWAYS_SEARCH_USER_PATHS = NO;
				ASSETCATALOG_COMPILER_GENERATE_SWIFT_ASSET_SYMBOL_EXTENSIONS = YES;
				CLANG_ANALYZER_NONNULL = YES;
				CLANG_ANALYZER_NUMBER_OBJECT_CONVERSION = YES_AGGRESSIVE;
				CLANG_CXX_LANGUAGE_STANDARD = "gnu++20";
				CLANG_ENABLE_MODULES = YES;
				CLANG_ENABLE_OBJC_ARC = YES;
				CLANG_ENABLE_OBJC_WEAK = YES;
				CLANG_WARN_BLOCK_CAPTURE_AUTORELEASING = YES;
				CLANG_WARN_BOOL_CONVERSION = YES;
				CLANG_WARN_COMMA = YES;
				CLANG_WARN_CONSTANT_CONVERSION = YES;
				CLANG_WARN_DEPRECATED_OBJC_IMPLEMENTATIONS = YES;
				CLANG_WARN_DIRECT_OBJC_ISA_USAGE = YES_ERROR;
				CLANG_WARN_DOCUMENTATION_COMMENTS = YES;
				CLANG_WARN_EMPTY_BODY = YES;
				CLANG_WARN_ENUM_CONVERSION = YES;
				CLANG_WARN_INFINITE_RECURSION = YES;
				CLANG_WARN_INT_CONVERSION = YES;
				CLANG_WARN_NON_LITERAL_NULL_CONVERSION = YES;
				CLANG_WARN_OBJC_IMPLICIT_RETAIN_SELF = YES;
				CLANG_WARN_OBJC_LITERAL_CONVERSION = YES;
				CLANG_WARN_OBJC_ROOT_CLASS = YES_ERROR;
				CLANG_WARN_QUOTED_INCLUDE_IN_FRAMEWORK_HEADER = YES;
				CLANG_WARN_RANGE_LOOP_ANALYSIS = YES;
				CLANG_WARN_STRICT_PROTOTYPES = YES;
				CLANG_WARN_SUSPICIOUS_MOVE = YES;
				CLANG_WARN_UNGUARDED_AVAILABILITY = YES_AGGRESSIVE;
				CLANG_WARN_UNREACHABLE_CODE = YES;
				CLANG_WARN__DUPLICATE_METHOD_MATCH = YES;
				COPY_PHASE_STRIP = NO;
				DEBUG_INFORMATION_FORMAT = "dwarf-with-dsym";
				ENABLE_NS_ASSERTIONS = NO;
				ENABLE_STRICT_OBJC_MSGSEND = YES;
				ENABLE_USER_SCRIPT_SANDBOXING = YES;
				GCC_C_LANGUAGE_STANDARD = gnu17;
				GCC_NO_COMMON_BLOCKS = YES;
				GCC_WARN_64_TO_32_BIT_CONVERSION = YES;
				GCC_WARN_ABOUT_RETURN_TYPE = YES_ERROR;
				GCC_WARN_UNDECLARED_SELECTOR = YES;
				GCC_WARN_UNINITIALIZED_AUTOS = YES_AGGRESSIVE;
				GCC_WARN_UNUSED_FUNCTION = YES;
				GCC_WARN_UNUSED_VARIABLE = YES;
				LOCALIZATION_PREFERS_STRING_CATALOGS = YES;
				MACOSX_DEPLOYMENT_TARGET = 13.1;
				MTL_ENABLE_DEBUG_INFO = NO;
				MTL_FAST_MATH = YES;
				SDKROOT = macosx;
				SWIFT_COMPILATION_MODE = wholemodule;
			};
			name = Release;
		};
		38C6CEC42AC963B0001CDF46 /* Debug */ = {
			isa = XCBuildConfiguration;
			buildSettings = {
				ASSETCATALOG_COMPILER_APPICON_NAME = AppIcon;
				ASSETCATALOG_COMPILER_GLOBAL_ACCENT_COLOR_NAME = AccentColor;
				CODE_SIGN_ENTITLEMENTS = NetflixSwiftUI/NetflixSwiftUI.entitlements;
				CODE_SIGN_STYLE = Automatic;
				COMBINE_HIDPI_IMAGES = YES;
				CURRENT_PROJECT_VERSION = 1;
				DEVELOPMENT_ASSET_PATHS = "\"NetflixSwiftUI/Preview Content\"";
				DEVELOPMENT_TEAM = W93RMB5CDG;
				ENABLE_HARDENED_RUNTIME = YES;
				ENABLE_PREVIEWS = YES;
				GENERATE_INFOPLIST_FILE = YES;
				INFOPLIST_KEY_LSApplicationCategoryType = "public.app-category.entertainment";
				INFOPLIST_KEY_NSHumanReadableCopyright = "";
				LD_RUNPATH_SEARCH_PATHS = (
					"$(inherited)",
					"@executable_path/../Frameworks",
				);
				MACOSX_DEPLOYMENT_TARGET = 13.1;
				MARKETING_VERSION = "0.0.1-dev";
				PRODUCT_BUNDLE_IDENTIFIER = com.nhstudio.NetflixSwiftUI;
				PRODUCT_NAME = "$(TARGET_NAME)";
				SWIFT_EMIT_LOC_STRINGS = YES;
				SWIFT_VERSION = 5.0;
			};
			name = Debug;
		};
		38C6CEC52AC963B0001CDF46 /* Release */ = {
			isa = XCBuildConfiguration;
			buildSettings = {
				ASSETCATALOG_COMPILER_APPICON_NAME = AppIcon;
				ASSETCATALOG_COMPILER_GLOBAL_ACCENT_COLOR_NAME = AccentColor;
				CODE_SIGN_ENTITLEMENTS = NetflixSwiftUI/NetflixSwiftUI.entitlements;
				CODE_SIGN_STYLE = Automatic;
				COMBINE_HIDPI_IMAGES = YES;
				CURRENT_PROJECT_VERSION = 1;
				DEVELOPMENT_ASSET_PATHS = "\"NetflixSwiftUI/Preview Content\"";
				DEVELOPMENT_TEAM = W93RMB5CDG;
				ENABLE_HARDENED_RUNTIME = YES;
				ENABLE_PREVIEWS = YES;
				GENERATE_INFOPLIST_FILE = YES;
				INFOPLIST_KEY_LSApplicationCategoryType = "public.app-category.entertainment";
				INFOPLIST_KEY_NSHumanReadableCopyright = "";
				LD_RUNPATH_SEARCH_PATHS = (
					"$(inherited)",
					"@executable_path/../Frameworks",
				);
				MACOSX_DEPLOYMENT_TARGET = 13.1;
				MARKETING_VERSION = "0.0.1-dev";
				PRODUCT_BUNDLE_IDENTIFIER = com.nhstudio.NetflixSwiftUI;
				PRODUCT_NAME = "$(TARGET_NAME)";
				SWIFT_EMIT_LOC_STRINGS = YES;
				SWIFT_VERSION = 5.0;
			};
			name = Release;
		};
		38C6CEC72AC963B0001CDF46 /* Debug */ = {
			isa = XCBuildConfiguration;
			buildSettings = {
				ALWAYS_EMBED_SWIFT_STANDARD_LIBRARIES = YES;
				BUNDLE_LOADER = "$(TEST_HOST)";
				CODE_SIGN_STYLE = Automatic;
				CURRENT_PROJECT_VERSION = 1;
				DEVELOPMENT_TEAM = W93RMB5CDG;
				GENERATE_INFOPLIST_FILE = YES;
				MACOSX_DEPLOYMENT_TARGET = 14.0;
				MARKETING_VERSION = 1.0;
				PRODUCT_BUNDLE_IDENTIFIER = com.nhstudio.NetflixSwiftUITests;
				PRODUCT_NAME = "$(TARGET_NAME)";
				SWIFT_EMIT_LOC_STRINGS = NO;
				SWIFT_VERSION = 5.0;
				TEST_HOST = "$(BUILT_PRODUCTS_DIR)/NetflixSwiftUI.app/$(BUNDLE_EXECUTABLE_FOLDER_PATH)/NetflixSwiftUI";
			};
			name = Debug;
		};
		38C6CEC82AC963B0001CDF46 /* Release */ = {
			isa = XCBuildConfiguration;
			buildSettings = {
				ALWAYS_EMBED_SWIFT_STANDARD_LIBRARIES = YES;
				BUNDLE_LOADER = "$(TEST_HOST)";
				CODE_SIGN_STYLE = Automatic;
				CURRENT_PROJECT_VERSION = 1;
				DEVELOPMENT_TEAM = W93RMB5CDG;
				GENERATE_INFOPLIST_FILE = YES;
				MACOSX_DEPLOYMENT_TARGET = 14.0;
				MARKETING_VERSION = 1.0;
				PRODUCT_BUNDLE_IDENTIFIER = com.nhstudio.NetflixSwiftUITests;
				PRODUCT_NAME = "$(TARGET_NAME)";
				SWIFT_EMIT_LOC_STRINGS = NO;
				SWIFT_VERSION = 5.0;
				TEST_HOST = "$(BUILT_PRODUCTS_DIR)/NetflixSwiftUI.app/$(BUNDLE_EXECUTABLE_FOLDER_PATH)/NetflixSwiftUI";
			};
			name = Release;
		};
		38C6CECA2AC963B0001CDF46 /* Debug */ = {
			isa = XCBuildConfiguration;
			buildSettings = {
				ALWAYS_EMBED_SWIFT_STANDARD_LIBRARIES = YES;
				CODE_SIGN_STYLE = Automatic;
				CURRENT_PROJECT_VERSION = 1;
				DEVELOPMENT_TEAM = W93RMB5CDG;
				GENERATE_INFOPLIST_FILE = YES;
				MARKETING_VERSION = 1.0;
				PRODUCT_BUNDLE_IDENTIFIER = com.nhstudio.NetflixSwiftUIUITests;
				PRODUCT_NAME = "$(TARGET_NAME)";
				SWIFT_EMIT_LOC_STRINGS = NO;
				SWIFT_VERSION = 5.0;
				TEST_TARGET_NAME = NetflixSwiftUI;
			};
			name = Debug;
		};
		38C6CECB2AC963B0001CDF46 /* Release */ = {
			isa = XCBuildConfiguration;
			buildSettings = {
				ALWAYS_EMBED_SWIFT_STANDARD_LIBRARIES = YES;
				CODE_SIGN_STYLE = Automatic;
				CURRENT_PROJECT_VERSION = 1;
				DEVELOPMENT_TEAM = W93RMB5CDG;
				GENERATE_INFOPLIST_FILE = YES;
				MARKETING_VERSION = 1.0;
				PRODUCT_BUNDLE_IDENTIFIER = com.nhstudio.NetflixSwiftUIUITests;
				PRODUCT_NAME = "$(TARGET_NAME)";
				SWIFT_EMIT_LOC_STRINGS = NO;
				SWIFT_VERSION = 5.0;
				TEST_TARGET_NAME = NetflixSwiftUI;
			};
			name = Release;
		};
/* End XCBuildConfiguration section */

/* Begin XCConfigurationList section */
		38C6CE992AC963AE001CDF46 /* Build configuration list for PBXProject "NetflixSwiftUI" */ = {
			isa = XCConfigurationList;
			buildConfigurations = (
				38C6CEC12AC963B0001CDF46 /* Debug */,
				38C6CEC22AC963B0001CDF46 /* Release */,
			);
			defaultConfigurationIsVisible = 0;
			defaultConfigurationName = Release;
		};
		38C6CEC32AC963B0001CDF46 /* Build configuration list for PBXNativeTarget "NetflixSwiftUI" */ = {
			isa = XCConfigurationList;
			buildConfigurations = (
				38C6CEC42AC963B0001CDF46 /* Debug */,
				38C6CEC52AC963B0001CDF46 /* Release */,
			);
			defaultConfigurationIsVisible = 0;
			defaultConfigurationName = Release;
		};
		38C6CEC62AC963B0001CDF46 /* Build configuration list for PBXNativeTarget "NetflixSwiftUITests" */ = {
			isa = XCConfigurationList;
			buildConfigurations = (
				38C6CEC72AC963B0001CDF46 /* Debug */,
				38C6CEC82AC963B0001CDF46 /* Release */,
			);
			defaultConfigurationIsVisible = 0;
			defaultConfigurationName = Release;
		};
		38C6CEC92AC963B0001CDF46 /* Build configuration list for PBXNativeTarget "NetflixSwiftUIUITests" */ = {
			isa = XCConfigurationList;
			buildConfigurations = (
				38C6CECA2AC963B0001CDF46 /* Debug */,
				38C6CECB2AC963B0001CDF46 /* Release */,
			);
			defaultConfigurationIsVisible = 0;
			defaultConfigurationName = Release;
		};
/* End XCConfigurationList section */

/* Begin XCRemoteSwiftPackageReference section */
		38CD78C92AC9D14400144E9D /* XCRemoteSwiftPackageReference "firebase-ios-sdk" */ = {
			isa = XCRemoteSwiftPackageReference;
			repositoryURL = "https://github.com/firebase/firebase-ios-sdk";
			requirement = {
				kind = upToNextMajorVersion;
				minimumVersion = 10.15.0;
			};
		};
/* End XCRemoteSwiftPackageReference section */

/* Begin XCSwiftPackageProductDependency section */
		38CD78CA2AC9D14400144E9D /* FirebaseAuth */ = {
			isa = XCSwiftPackageProductDependency;
			package = 38CD78C92AC9D14400144E9D /* XCRemoteSwiftPackageReference "firebase-ios-sdk" */;
			productName = FirebaseAuth;
		};
		38CD78CC2AC9D14400144E9D /* FirebaseAuthCombine-Community */ = {
			isa = XCSwiftPackageProductDependency;
			package = 38CD78C92AC9D14400144E9D /* XCRemoteSwiftPackageReference "firebase-ios-sdk" */;
			productName = "FirebaseAuthCombine-Community";
		};
		38CD78CE2AC9D14400144E9D /* FirebaseCrashlytics */ = {
			isa = XCSwiftPackageProductDependency;
			package = 38CD78C92AC9D14400144E9D /* XCRemoteSwiftPackageReference "firebase-ios-sdk" */;
			productName = FirebaseCrashlytics;
		};
		38CD78D02AC9D14400144E9D /* FirebaseDatabase */ = {
			isa = XCSwiftPackageProductDependency;
			package = 38CD78C92AC9D14400144E9D /* XCRemoteSwiftPackageReference "firebase-ios-sdk" */;
			productName = FirebaseDatabase;
		};
		38CD78D22AC9D14400144E9D /* FirebaseDatabaseSwift */ = {
			isa = XCSwiftPackageProductDependency;
			package = 38CD78C92AC9D14400144E9D /* XCRemoteSwiftPackageReference "firebase-ios-sdk" */;
			productName = FirebaseDatabaseSwift;
		};
		38CD78D42AC9D14400144E9D /* FirebaseFirestore */ = {
			isa = XCSwiftPackageProductDependency;
			package = 38CD78C92AC9D14400144E9D /* XCRemoteSwiftPackageReference "firebase-ios-sdk" */;
			productName = FirebaseFirestore;
		};
		38CD78D62AC9D14400144E9D /* FirebaseFirestoreCombine-Community */ = {
			isa = XCSwiftPackageProductDependency;
			package = 38CD78C92AC9D14400144E9D /* XCRemoteSwiftPackageReference "firebase-ios-sdk" */;
			productName = "FirebaseFirestoreCombine-Community";
		};
		38CD78D82AC9D14400144E9D /* FirebaseFirestoreSwift */ = {
			isa = XCSwiftPackageProductDependency;
			package = 38CD78C92AC9D14400144E9D /* XCRemoteSwiftPackageReference "firebase-ios-sdk" */;
			productName = FirebaseFirestoreSwift;
		};
		38CD78DA2AC9D14400144E9D /* FirebaseFunctions */ = {
			isa = XCSwiftPackageProductDependency;
			package = 38CD78C92AC9D14400144E9D /* XCRemoteSwiftPackageReference "firebase-ios-sdk" */;
			productName = FirebaseFunctions;
		};
		38CD78DC2AC9D14400144E9D /* FirebaseStorage */ = {
			isa = XCSwiftPackageProductDependency;
			package = 38CD78C92AC9D14400144E9D /* XCRemoteSwiftPackageReference "firebase-ios-sdk" */;
			productName = FirebaseStorage;
		};
		38CD78DE2AC9D14400144E9D /* FirebaseStorageCombine-Community */ = {
			isa = XCSwiftPackageProductDependency;
			package = 38CD78C92AC9D14400144E9D /* XCRemoteSwiftPackageReference "firebase-ios-sdk" */;
			productName = "FirebaseStorageCombine-Community";
		};
/* End XCSwiftPackageProductDependency section */
	};
	rootObject = 38C6CE962AC963AE001CDF46 /* Project object */;
}
